
Microsoft Visual Studio Solution File, Format Version 12.00
# Visual Studio 15
VisualStudioVersion = 15.0.28307.1259
MinimumVisualStudioVersion = 10.0.40219.1
Project("{FAE04EC0-301F-11D3-BF4B-00C04F79EFBC}") = "FinProj", "FinProj\FinProj.csproj", "{90A7822D-E14C-4E38-8EF1-B953F311DE5A}"
EndProject
Global
	GlobalSection(SolutionConfigurationPlatforms) = preSolution
		Debug|Any CPU = Debug|Any CPU
		Release|Any CPU = Release|Any CPU
	EndGlobalSection
	GlobalSection(ProjectConfigurationPlatforms) = postSolution
		{90A7822D-E14C-4E38-8EF1-B953F311DE5A}.Debug|Any CPU.ActiveCfg = Debug|Any CPU
		{90A7822D-E14C-4E38-8EF1-B953F311DE5A}.Debug|Any CPU.Build.0 = Debug|Any CPU
		{90A7822D-E14C-4E38-8EF1-B953F311DE5A}.Release|Any CPU.ActiveCfg = Release|Any CPU
		{90A7822D-E14C-4E38-8EF1-B953F311DE5A}.Release|Any CPU.Build.0 = Release|Any CPU
	EndGlobalSection
	GlobalSection(SolutionProperties) = preSolution
		HideSolutionNode = FALSE
	EndGlobalSection
	GlobalSection(ExtensibilityGlobals) = postSolution
		SolutionGuid = {131806B7-2B0D-46F2-A255-6CCE0CCC6471}
	EndGlobalSection
EndGlobal
