
Microsoft Visual Studio Solution File, Format Version 12.00
# Visual Studio Version 16
VisualStudioVersion = 16.0.31005.135
MinimumVisualStudioVersion = 10.0.40219.1
Project("{FAE04EC0-301F-11D3-BF4B-00C04F79EFBC}") = "GraphicApp1", "GraphicApp1\GraphicApp1.csproj", "{A6F50E2E-F442-473E-9AB7-DAD1C1461661}"
EndProject
Global
	GlobalSection(SolutionConfigurationPlatforms) = preSolution
		Debug|Any CPU = Debug|Any CPU
		Release|Any CPU = Release|Any CPU
	EndGlobalSection
	GlobalSection(ProjectConfigurationPlatforms) = postSolution
		{A6F50E2E-F442-473E-9AB7-DAD1C1461661}.Debug|Any CPU.ActiveCfg = Debug|Any CPU
		{A6F50E2E-F442-473E-9AB7-DAD1C1461661}.Debug|Any CPU.Build.0 = Debug|Any CPU
		{A6F50E2E-F442-473E-9AB7-DAD1C1461661}.Release|Any CPU.ActiveCfg = Release|Any CPU
		{A6F50E2E-F442-473E-9AB7-DAD1C1461661}.Release|Any CPU.Build.0 = Release|Any CPU
	EndGlobalSection
	GlobalSection(SolutionProperties) = preSolution
		HideSolutionNode = FALSE
	EndGlobalSection
	GlobalSection(ExtensibilityGlobals) = postSolution
		SolutionGuid = {08C38D0F-AC7E-4838-B637-40695D5C14C0}
	EndGlobalSection
EndGlobal
