
Microsoft Visual Studio Solution File, Format Version 12.00
# Visual Studio Version 16
VisualStudioVersion = 16.0.31005.135
MinimumVisualStudioVersion = 10.0.40219.1
Project("{FAE04EC0-301F-11D3-BF4B-00C04F79EFBC}") = "GraphicApp10", "GraphicApp10\GraphicApp10.csproj", "{59510B74-23D5-494A-9EC2-C412066C59B2}"
EndProject
Global
	GlobalSection(SolutionConfigurationPlatforms) = preSolution
		Debug|Any CPU = Debug|Any CPU
		Release|Any CPU = Release|Any CPU
	EndGlobalSection
	GlobalSection(ProjectConfigurationPlatforms) = postSolution
		{59510B74-23D5-494A-9EC2-C412066C59B2}.Debug|Any CPU.ActiveCfg = Debug|Any CPU
		{59510B74-23D5-494A-9EC2-C412066C59B2}.Debug|Any CPU.Build.0 = Debug|Any CPU
		{59510B74-23D5-494A-9EC2-C412066C59B2}.Release|Any CPU.ActiveCfg = Release|Any CPU
		{59510B74-23D5-494A-9EC2-C412066C59B2}.Release|Any CPU.Build.0 = Release|Any CPU
	EndGlobalSection
	GlobalSection(SolutionProperties) = preSolution
		HideSolutionNode = FALSE
	EndGlobalSection
	GlobalSection(ExtensibilityGlobals) = postSolution
		SolutionGuid = {16450AD0-BFAE-4BAE-916A-E806B7C3A38D}
	EndGlobalSection
EndGlobal
