
Microsoft Visual Studio Solution File, Format Version 12.00
# Visual Studio Version 16
VisualStudioVersion = 16.0.31005.135
MinimumVisualStudioVersion = 10.0.40219.1
Project("{FAE04EC0-301F-11D3-BF4B-00C04F79EFBC}") = "GraphicApp11", "GraphicApp11\GraphicApp11.csproj", "{7C4A496D-37F4-4D79-A118-4DE1CE3BDF18}"
EndProject
Global
	GlobalSection(SolutionConfigurationPlatforms) = preSolution
		Debug|Any CPU = Debug|Any CPU
		Release|Any CPU = Release|Any CPU
	EndGlobalSection
	GlobalSection(ProjectConfigurationPlatforms) = postSolution
		{7C4A496D-37F4-4D79-A118-4DE1CE3BDF18}.Debug|Any CPU.ActiveCfg = Debug|Any CPU
		{7C4A496D-37F4-4D79-A118-4DE1CE3BDF18}.Debug|Any CPU.Build.0 = Debug|Any CPU
		{7C4A496D-37F4-4D79-A118-4DE1CE3BDF18}.Release|Any CPU.ActiveCfg = Release|Any CPU
		{7C4A496D-37F4-4D79-A118-4DE1CE3BDF18}.Release|Any CPU.Build.0 = Release|Any CPU
	EndGlobalSection
	GlobalSection(SolutionProperties) = preSolution
		HideSolutionNode = FALSE
	EndGlobalSection
	GlobalSection(ExtensibilityGlobals) = postSolution
		SolutionGuid = {2D785E88-5E52-4230-904E-AA27047A3E4E}
	EndGlobalSection
EndGlobal
